
Microsoft Visual Studio Solution File, Format Version 12.00
# Visual Studio 2012
Project("{8BC9CEB8-8B4A-11D0-8D11-00A0C91BC942}") = "RAGE", "RAGE\RAGE.vcxproj", "{5DBFE078-6782-4FBB-9844-8AF30E6FB15A}"
EndProject
Global
	GlobalSection(SolutionConfigurationPlatforms) = preSolution
		ReleaseNoDebug|Any CPU = ReleaseNoDebug|Any CPU
		ReleaseNoDebug|Mixed Platforms = ReleaseNoDebug|Mixed Platforms
		ReleaseNoDebug|Win32 = ReleaseNoDebug|Win32
		ReleaseNoDebug-production|Any CPU = ReleaseNoDebug-production|Any CPU
		ReleaseNoDebug-production|Mixed Platforms = ReleaseNoDebug-production|Mixed Platforms
		ReleaseNoDebug-production|Win32 = ReleaseNoDebug-production|Win32
		ReleaseNoDebugXPSupport|Any CPU = ReleaseNoDebugXPSupport|Any CPU
		ReleaseNoDebugXPSupport|Mixed Platforms = ReleaseNoDebugXPSupport|Mixed Platforms
		ReleaseNoDebugXPSupport|Win32 = ReleaseNoDebugXPSupport|Win32
		ReleaseNoDebugXPSupport-production|Any CPU = ReleaseNoDebugXPSupport-production|Any CPU
		ReleaseNoDebugXPSupport-production|Mixed Platforms = ReleaseNoDebugXPSupport-production|Mixed Platforms
		ReleaseNoDebugXPSupport-production|Win32 = ReleaseNoDebugXPSupport-production|Win32
		ReleaseWithDebug|Any CPU = ReleaseWithDebug|Any CPU
		ReleaseWithDebug|Mixed Platforms = ReleaseWithDebug|Mixed Platforms
		ReleaseWithDebug|Win32 = ReleaseWithDebug|Win32
	EndGlobalSection
	GlobalSection(ProjectConfigurationPlatforms) = postSolution
		{5DBFE078-6782-4FBB-9844-8AF30E6FB15A}.ReleaseNoDebug|Any CPU.ActiveCfg = ReleaseNoDebug|Win32
		{5DBFE078-6782-4FBB-9844-8AF30E6FB15A}.ReleaseNoDebug|Mixed Platforms.ActiveCfg = ReleaseNoDebug|Win32
		{5DBFE078-6782-4FBB-9844-8AF30E6FB15A}.ReleaseNoDebug|Mixed Platforms.Build.0 = ReleaseNoDebug|Win32
		{5DBFE078-6782-4FBB-9844-8AF30E6FB15A}.ReleaseNoDebug|Win32.ActiveCfg = ReleaseNoDebug|Win32
		{5DBFE078-6782-4FBB-9844-8AF30E6FB15A}.ReleaseNoDebug|Win32.Build.0 = ReleaseNoDebug|Win32
		{5DBFE078-6782-4FBB-9844-8AF30E6FB15A}.ReleaseNoDebug-production|Any CPU.ActiveCfg = ReleaseNoDebug-production|Win32
		{5DBFE078-6782-4FBB-9844-8AF30E6FB15A}.ReleaseNoDebug-production|Mixed Platforms.ActiveCfg = ReleaseNoDebug-production|Win32
		{5DBFE078-6782-4FBB-9844-8AF30E6FB15A}.ReleaseNoDebug-production|Mixed Platforms.Build.0 = ReleaseNoDebug-production|Win32
		{5DBFE078-6782-4FBB-9844-8AF30E6FB15A}.ReleaseNoDebug-production|Win32.ActiveCfg = ReleaseNoDebug-production|Win32
		{5DBFE078-6782-4FBB-9844-8AF30E6FB15A}.ReleaseNoDebug-production|Win32.Build.0 = ReleaseNoDebug-production|Win32
		{5DBFE078-6782-4FBB-9844-8AF30E6FB15A}.ReleaseNoDebugXPSupport|Any CPU.ActiveCfg = ReleaseNoDebugXPSupport|Win32
		{5DBFE078-6782-4FBB-9844-8AF30E6FB15A}.ReleaseNoDebugXPSupport|Mixed Platforms.ActiveCfg = ReleaseNoDebugXPSupport|Win32
		{5DBFE078-6782-4FBB-9844-8AF30E6FB15A}.ReleaseNoDebugXPSupport|Mixed Platforms.Build.0 = ReleaseNoDebugXPSupport|Win32
		{5DBFE078-6782-4FBB-9844-8AF30E6FB15A}.ReleaseNoDebugXPSupport|Win32.ActiveCfg = ReleaseNoDebugXPSupport|Win32
		{5DBFE078-6782-4FBB-9844-8AF30E6FB15A}.ReleaseNoDebugXPSupport|Win32.Build.0 = ReleaseNoDebugXPSupport|Win32
		{5DBFE078-6782-4FBB-9844-8AF30E6FB15A}.ReleaseNoDebugXPSupport-production|Any CPU.ActiveCfg = ReleaseNoDebugXPSupport-production|Win32
		{5DBFE078-6782-4FBB-9844-8AF30E6FB15A}.ReleaseNoDebugXPSupport-production|Mixed Platforms.ActiveCfg = ReleaseNoDebugXPSupport-production|Win32
		{5DBFE078-6782-4FBB-9844-8AF30E6FB15A}.ReleaseNoDebugXPSupport-production|Mixed Platforms.Build.0 = ReleaseNoDebugXPSupport-production|Win32
		{5DBFE078-6782-4FBB-9844-8AF30E6FB15A}.ReleaseNoDebugXPSupport-production|Win32.ActiveCfg = ReleaseNoDebugXPSupport-production|Win32
		{5DBFE078-6782-4FBB-9844-8AF30E6FB15A}.ReleaseNoDebugXPSupport-production|Win32.Build.0 = ReleaseNoDebugXPSupport-production|Win32
		{5DBFE078-6782-4FBB-9844-8AF30E6FB15A}.ReleaseWithDebug|Any CPU.ActiveCfg = Release|Win32
		{5DBFE078-6782-4FBB-9844-8AF30E6FB15A}.ReleaseWithDebug|Mixed Platforms.ActiveCfg = Release|Win32
		{5DBFE078-6782-4FBB-9844-8AF30E6FB15A}.ReleaseWithDebug|Mixed Platforms.Build.0 = Release|Win32
		{5DBFE078-6782-4FBB-9844-8AF30E6FB15A}.ReleaseWithDebug|Win32.ActiveCfg = Release|Win32
		{5DBFE078-6782-4FBB-9844-8AF30E6FB15A}.ReleaseWithDebug|Win32.Build.0 = Release|Win32
	EndGlobalSection
	GlobalSection(SolutionProperties) = preSolution
		HideSolutionNode = FALSE
	EndGlobalSection
EndGlobal
