<?xml version="1.0" encoding="utf-8"?>
<Project ToolsVersion="4.0" xmlns="http://schemas.microsoft.com/developer/msbuild/2003">
  <ItemGroup>
    <Filter Include="modules">
      <UniqueIdentifier>{c146d285-06bf-4d33-935f-93a15b181ccc}</UniqueIdentifier>
    </Filter>
    <Filter Include="app">
      <UniqueIdentifier>{4FC737F1-C7A5-4376-A066-2A32D752A2FF}</UniqueIdentifier>
      <Extensions>cpp;c;cc;cxx;def;odl;idl;hpj;bat;asm;asmx</Extensions>
    </Filter>
    <Filter Include="modules\audio">
      <UniqueIdentifier>{93da606d-79c1-4ade-a4be-3aca961b16e2}</UniqueIdentifier>
    </Filter>
    <Filter Include="modules\network">
      <UniqueIdentifier>{0d7b4823-7c38-45e2-b139-9daf37b39476}</UniqueIdentifier>
    </Filter>
    <Filter Include="app\headers">
      <UniqueIdentifier>{abe8af87-648c-4e5b-8a33-e682f9c765a2}</UniqueIdentifier>
    </Filter>
    <Filter Include="modules\graphics">
      <UniqueIdentifier>{559a0207-42cc-4a49-aae8-f3fa2e7983f8}</UniqueIdentifier>
    </Filter>
    <Filter Include="modules\graphics\headers">
      <UniqueIdentifier>{d8565c41-5574-42fe-b0d4-0a503a6fdc19}</UniqueIdentifier>
    </Filter>
    <Filter Include="modules\input">
      <UniqueIdentifier>{3efef4bd-3334-4907-a586-e0dd5d3bf082}</UniqueIdentifier>
    </Filter>
    <Filter Include="modules\audio\headers">
      <UniqueIdentifier>{9c9e85d9-fc50-4bbd-9851-09133df19306}</UniqueIdentifier>
    </Filter>
    <Filter Include="modules\events">
      <UniqueIdentifier>{5e903764-ffd4-4bd1-bc38-25be4bda74e3}</UniqueIdentifier>
    </Filter>
    <Filter Include="modules\events\headers">
      <UniqueIdentifier>{6df13a55-db0e-4e18-83b4-b03736fbaec3}</UniqueIdentifier>
    </Filter>
    <Filter Include="modules\filesystem">
      <UniqueIdentifier>{e8f305b7-6656-458d-9139-bde10efdfd97}</UniqueIdentifier>
    </Filter>
    <Filter Include="modules\filesystem\headers">
      <UniqueIdentifier>{c4c4a9b3-8c10-4035-bc7d-13264fc52885}</UniqueIdentifier>
    </Filter>
    <Filter Include="modules\physics">
      <UniqueIdentifier>{72ee5b92-6a44-4cc9-a41d-499b8b89bcfd}</UniqueIdentifier>
    </Filter>
    <Filter Include="modules\physics\headers">
      <UniqueIdentifier>{138aa8f9-e54a-4295-8fbc-359f28dd3989}</UniqueIdentifier>
    </Filter>
    <Filter Include="modules\audio\wrappers">
      <UniqueIdentifier>{60d45574-0fbf-4c1d-a4a4-fb4271c9b209}</UniqueIdentifier>
    </Filter>
    <Filter Include="modules\audio\wrappers\headers">
      <UniqueIdentifier>{fc8433ac-91b4-40c4-ad35-94d423146885}</UniqueIdentifier>
    </Filter>
    <Filter Include="modules\events\wrappers">
      <UniqueIdentifier>{98d8c794-c969-4019-b18c-ffb94ccf035f}</UniqueIdentifier>
    </Filter>
    <Filter Include="modules\events\wrappers\headers">
      <UniqueIdentifier>{cdc31dc7-2f6f-4a1b-82cf-bd273fe6dd61}</UniqueIdentifier>
    </Filter>
    <Filter Include="modules\input\wrappers">
      <UniqueIdentifier>{9b68abfe-2986-4b8d-87ff-2810daa6df86}</UniqueIdentifier>
    </Filter>
    <Filter Include="modules\input\wrappers\headers">
      <UniqueIdentifier>{0d692b15-2510-4f2d-893c-cadcacc55da3}</UniqueIdentifier>
    </Filter>
    <Filter Include="modules\graphics\wrappers">
      <UniqueIdentifier>{4e374f3b-a93c-49fd-a17f-5fb6d0e71364}</UniqueIdentifier>
    </Filter>
    <Filter Include="modules\graphics\wrappers\headers">
      <UniqueIdentifier>{892dfe94-4bcd-4ee3-b868-9deac3891b92}</UniqueIdentifier>
    </Filter>
    <Filter Include="modules\filesystem\wrappers">
      <UniqueIdentifier>{b5d1ffbd-4352-4dfe-a5f3-9018f5f13c5b}</UniqueIdentifier>
    </Filter>
    <Filter Include="modules\filesystem\wrappers\headers">
      <UniqueIdentifier>{6abb159f-af50-4283-86f4-9b0a2f207734}</UniqueIdentifier>
    </Filter>
  </ItemGroup>
  <ItemGroup>
    <ClCompile Include="Main.cpp">
      <Filter>app</Filter>
    </ClCompile>
    <ClCompile Include="RubyInterpreter.cpp">
      <Filter>app</Filter>
    </ClCompile>
    <ClCompile Include="Bitmap.cpp">
      <Filter>modules\graphics</Filter>
    </ClCompile>
    <ClCompile Include="TimerEvent.cpp">
      <Filter>modules\events</Filter>
    </ClCompile>
    <ClCompile Include="KeyboardEvent.cpp">
      <Filter>modules\events</Filter>
    </ClCompile>
    <ClCompile Include="Audio_Wrapper.cpp">
      <Filter>modules\audio\wrappers</Filter>
    </ClCompile>
    <ClCompile Include="Event_Wrapper.cpp">
      <Filter>modules\events\wrappers</Filter>
    </ClCompile>
    <ClCompile Include="Events_Wrapper.cpp">
      <Filter>modules\events\wrappers</Filter>
    </ClCompile>
    <ClCompile Include="KeyboardEvent_Wrapper.cpp">
      <Filter>modules\events\wrappers</Filter>
    </ClCompile>
    <ClCompile Include="TimerEvent_Wrapper.cpp">
      <Filter>modules\events\wrappers</Filter>
    </ClCompile>
    <ClCompile Include="Input_Wrappers.cpp">
      <Filter>modules\input\wrappers</Filter>
    </ClCompile>
    <ClCompile Include="Bitmap_Wrapper.cpp">
      <Filter>modules\graphics\wrappers</Filter>
    </ClCompile>
    <ClCompile Include="Graphics_Wrappers.cpp">
      <Filter>modules\graphics\wrappers</Filter>
    </ClCompile>
    <ClCompile Include="MouseEvent.cpp">
      <Filter>modules\events</Filter>
    </ClCompile>
    <ClCompile Include="MouseEvent_Wrapper.cpp">
      <Filter>modules\events\wrappers</Filter>
    </ClCompile>
    <ClCompile Include="ScreenEvent.cpp">
      <Filter>modules\events</Filter>
    </ClCompile>
    <ClCompile Include="ScreenEvent_Wrapper.cpp">
      <Filter>modules\events\wrappers</Filter>
    </ClCompile>
    <ClCompile Include="Music.cpp">
      <Filter>modules\audio</Filter>
    </ClCompile>
    <ClCompile Include="Sfx.cpp">
      <Filter>modules\audio</Filter>
    </ClCompile>
    <ClCompile Include="Music_Wrapper.cpp">
      <Filter>modules\audio\wrappers</Filter>
    </ClCompile>
    <ClCompile Include="Sfx_Wrapper.cpp">
      <Filter>modules\audio\wrappers</Filter>
    </ClCompile>
    <ClCompile Include="Draw_Wrappers.cpp">
      <Filter>modules\graphics\wrappers</Filter>
    </ClCompile>
    <ClCompile Include="IniFile.cpp">
      <Filter>modules\filesystem</Filter>
    </ClCompile>
    <ClCompile Include="IniFile_Wrapper.cpp">
      <Filter>modules\filesystem\wrappers</Filter>
    </ClCompile>
    <ClCompile Include="Color.cpp">
      <Filter>modules\graphics</Filter>
    </ClCompile>
    <ClCompile Include="Font.cpp">
      <Filter>modules\graphics</Filter>
    </ClCompile>
    <ClCompile Include="Color_Wrapper.cpp">
      <Filter>modules\graphics\wrappers</Filter>
    </ClCompile>
    <ClCompile Include="Font_Wrapper.cpp">
      <Filter>modules\graphics\wrappers</Filter>
    </ClCompile>
  </ItemGroup>
  <ItemGroup>
    <ClInclude Include="RubyInterpreter.h">
      <Filter>app\headers</Filter>
    </ClInclude>
    <ClInclude Include="Bitmap.h">
      <Filter>modules\graphics\headers</Filter>
    </ClInclude>
    <ClInclude Include="Audio.h">
      <Filter>modules\audio\headers</Filter>
    </ClInclude>
    <ClInclude Include="Input_Wrappers.h">
      <Filter>modules\input\wrappers\headers</Filter>
    </ClInclude>
    <ClInclude Include="defines.h">
      <Filter>app\headers</Filter>
    </ClInclude>
    <ClInclude Include="TimerEvent.h">
      <Filter>modules\events\headers</Filter>
    </ClInclude>
    <ClInclude Include="KeyboardEvent.h">
      <Filter>modules\events\headers</Filter>
    </ClInclude>
    <ClInclude Include="Audio_Wrapper.h">
      <Filter>modules\audio\wrappers\headers</Filter>
    </ClInclude>
    <ClInclude Include="Events_Wrapper.h">
      <Filter>modules\events\wrappers\headers</Filter>
    </ClInclude>
    <ClInclude Include="Event_Wrapper.h">
      <Filter>modules\events\wrappers\headers</Filter>
    </ClInclude>
    <ClInclude Include="TimerEvent_Wrapper.h">
      <Filter>modules\events\wrappers\headers</Filter>
    </ClInclude>
    <ClInclude Include="Graphics_Wrappers.h">
      <Filter>modules\graphics\wrappers\headers</Filter>
    </ClInclude>
    <ClInclude Include="Bitmap_Wrapper.h">
      <Filter>modules\graphics\wrappers\headers</Filter>
    </ClInclude>
    <ClInclude Include="KeyboardEvent_Wrapper.h">
      <Filter>modules\events\wrappers\headers</Filter>
    </ClInclude>
    <ClInclude Include="MouseEvent.h">
      <Filter>modules\events\headers</Filter>
    </ClInclude>
    <ClInclude Include="MouseEvent_Wrapper.h">
      <Filter>modules\events\wrappers\headers</Filter>
    </ClInclude>
    <ClInclude Include="BaseEvent.h">
      <Filter>modules\events\headers</Filter>
    </ClInclude>
    <ClInclude Include="ScreenEvent.h">
      <Filter>modules\events\headers</Filter>
    </ClInclude>
    <ClInclude Include="ScreenEvent_Wrapper.h">
      <Filter>modules\events\wrappers\headers</Filter>
    </ClInclude>
    <ClInclude Include="Music.h">
      <Filter>modules\audio\headers</Filter>
    </ClInclude>
    <ClInclude Include="Sfx.h">
      <Filter>modules\audio\headers</Filter>
    </ClInclude>
    <ClInclude Include="Music_Wrapper.h">
      <Filter>modules\audio\wrappers\headers</Filter>
    </ClInclude>
    <ClInclude Include="Sfx_Wrapper.h">
      <Filter>modules\audio\wrappers\headers</Filter>
    </ClInclude>
    <ClInclude Include="Draw_Wrappers.h">
      <Filter>modules\graphics\wrappers\headers</Filter>
    </ClInclude>
    <ClInclude Include="IniFile.h">
      <Filter>modules\filesystem\headers</Filter>
    </ClInclude>
    <ClInclude Include="IniFile_Wrapper.h">
      <Filter>modules\filesystem\wrappers\headers</Filter>
    </ClInclude>
    <ClInclude Include="Color.h">
      <Filter>modules\graphics\headers</Filter>
    </ClInclude>
    <ClInclude Include="Color_Wrapper.h">
      <Filter>modules\graphics\wrappers\headers</Filter>
    </ClInclude>
    <ClInclude Include="Font_Wrapper.h">
      <Filter>modules\graphics\wrappers\headers</Filter>
    </ClInclude>
    <ClInclude Include="Font.h">
      <Filter>modules\graphics\headers</Filter>
    </ClInclude>
  </ItemGroup>
  <ItemGroup>
    <None Include="Keyboard_Consts.inc">
      <Filter>modules\input</Filter>
    </None>
  </ItemGroup>
  <ItemGroup>
    <ResourceCompile Include="RAGE.rc" />
  </ItemGroup>
  <ItemGroup>
    <Image Include="rage.ico" />
  </ItemGroup>
</Project>