<?xml version="1.0" encoding="utf-8"?>
<Project ToolsVersion="4.0" xmlns="http://schemas.microsoft.com/developer/msbuild/2003">
  <ItemGroup>
    <Filter Include="modules">
      <UniqueIdentifier>{c146d285-06bf-4d33-935f-93a15b181ccc}</UniqueIdentifier>
    </Filter>
    <Filter Include="app">
      <UniqueIdentifier>{4FC737F1-C7A5-4376-A066-2A32D752A2FF}</UniqueIdentifier>
      <Extensions>cpp;c;cc;cxx;def;odl;idl;hpj;bat;asm;asmx</Extensions>
    </Filter>
    <Filter Include="modules\audio">
      <UniqueIdentifier>{93da606d-79c1-4ade-a4be-3aca961b16e2}</UniqueIdentifier>
    </Filter>
    <Filter Include="modules\network">
      <UniqueIdentifier>{0d7b4823-7c38-45e2-b139-9daf37b39476}</UniqueIdentifier>
    </Filter>
    <Filter Include="app\headers">
      <UniqueIdentifier>{abe8af87-648c-4e5b-8a33-e682f9c765a2}</UniqueIdentifier>
    </Filter>
    <Filter Include="modules\graphics">
      <UniqueIdentifier>{559a0207-42cc-4a49-aae8-f3fa2e7983f8}</UniqueIdentifier>
    </Filter>
    <Filter Include="modules\graphics\headers">
      <UniqueIdentifier>{d8565c41-5574-42fe-b0d4-0a503a6fdc19}</UniqueIdentifier>
    </Filter>
    <Filter Include="modules\input">
      <UniqueIdentifier>{3efef4bd-3334-4907-a586-e0dd5d3bf082}</UniqueIdentifier>
    </Filter>
    <Filter Include="modules\input\headers">
      <UniqueIdentifier>{0d692b15-2510-4f2d-893c-cadcacc55da3}</UniqueIdentifier>
    </Filter>
    <Filter Include="modules\audio\headers">
      <UniqueIdentifier>{9c9e85d9-fc50-4bbd-9851-09133df19306}</UniqueIdentifier>
    </Filter>
  </ItemGroup>
  <ItemGroup>
    <ClCompile Include="Main.cpp">
      <Filter>app</Filter>
    </ClCompile>
    <ClCompile Include="RubyInterpreter.cpp">
      <Filter>app</Filter>
    </ClCompile>
    <ClCompile Include="Graphics.cpp">
      <Filter>modules\graphics</Filter>
    </ClCompile>
    <ClCompile Include="Graphics_Wrappers.cpp">
      <Filter>modules\graphics</Filter>
    </ClCompile>
    <ClCompile Include="Bitmap_Wrapper.cpp">
      <Filter>modules\graphics</Filter>
    </ClCompile>
    <ClCompile Include="Bitmap.cpp">
      <Filter>modules\graphics</Filter>
    </ClCompile>
    <ClCompile Include="Events_Wrapper.cpp">
      <Filter>modules\input</Filter>
    </ClCompile>
    <ClCompile Include="Audio.cpp">
      <Filter>modules\audio</Filter>
    </ClCompile>
    <ClCompile Include="Audio_Wrapper.cpp">
      <Filter>modules\audio</Filter>
    </ClCompile>
    <ClCompile Include="Input_Wrappers.cpp">
      <Filter>modules\input</Filter>
    </ClCompile>
  </ItemGroup>
  <ItemGroup>
    <ClInclude Include="Graphics.h">
      <Filter>modules\graphics\headers</Filter>
    </ClInclude>
    <ClInclude Include="Graphics_Wrappers.h">
      <Filter>modules\graphics\headers</Filter>
    </ClInclude>
    <ClInclude Include="RubyInterpreter.h">
      <Filter>app\headers</Filter>
    </ClInclude>
    <ClInclude Include="Bitmap_Wrapper.h">
      <Filter>modules\graphics\headers</Filter>
    </ClInclude>
    <ClInclude Include="Bitmap.h">
      <Filter>modules\graphics\headers</Filter>
    </ClInclude>
    <ClInclude Include="Events_Wrapper.h">
      <Filter>modules\input\headers</Filter>
    </ClInclude>
    <ClInclude Include="Audio.h">
      <Filter>modules\audio\headers</Filter>
    </ClInclude>
    <ClInclude Include="Audio_Wrapper.h">
      <Filter>modules\audio\headers</Filter>
    </ClInclude>
    <ClInclude Include="Input_Wrappers.h">
      <Filter>modules\input\headers</Filter>
    </ClInclude>
  </ItemGroup>
  <ItemGroup>
    <None Include="Keyboard_Consts.inc">
      <Filter>modules\input</Filter>
    </None>
  </ItemGroup>
</Project>