<?xml version="1.0" encoding="utf-8"?>
<Project ToolsVersion="4.0" xmlns="http://schemas.microsoft.com/developer/msbuild/2003">
  <ItemGroup>
    <Filter Include="modules">
      <UniqueIdentifier>{c146d285-06bf-4d33-935f-93a15b181ccc}</UniqueIdentifier>
    </Filter>
    <Filter Include="app">
      <UniqueIdentifier>{4FC737F1-C7A5-4376-A066-2A32D752A2FF}</UniqueIdentifier>
      <Extensions>cpp;c;cc;cxx;def;odl;idl;hpj;bat;asm;asmx</Extensions>
    </Filter>
    <Filter Include="modules\audio">
      <UniqueIdentifier>{93da606d-79c1-4ade-a4be-3aca961b16e2}</UniqueIdentifier>
    </Filter>
    <Filter Include="modules\network">
      <UniqueIdentifier>{0d7b4823-7c38-45e2-b139-9daf37b39476}</UniqueIdentifier>
    </Filter>
    <Filter Include="app\headers">
      <UniqueIdentifier>{abe8af87-648c-4e5b-8a33-e682f9c765a2}</UniqueIdentifier>
    </Filter>
    <Filter Include="modules\graphics">
      <UniqueIdentifier>{559a0207-42cc-4a49-aae8-f3fa2e7983f8}</UniqueIdentifier>
    </Filter>
    <Filter Include="modules\graphics\headers">
      <UniqueIdentifier>{d8565c41-5574-42fe-b0d4-0a503a6fdc19}</UniqueIdentifier>
    </Filter>
    <Filter Include="modules\input">
      <UniqueIdentifier>{3efef4bd-3334-4907-a586-e0dd5d3bf082}</UniqueIdentifier>
    </Filter>
    <Filter Include="modules\audio\headers">
      <UniqueIdentifier>{9c9e85d9-fc50-4bbd-9851-09133df19306}</UniqueIdentifier>
    </Filter>
    <Filter Include="modules\events">
      <UniqueIdentifier>{5e903764-ffd4-4bd1-bc38-25be4bda74e3}</UniqueIdentifier>
    </Filter>
    <Filter Include="modules\events\headers">
      <UniqueIdentifier>{6df13a55-db0e-4e18-83b4-b03736fbaec3}</UniqueIdentifier>
    </Filter>
    <Filter Include="modules\filesystem">
      <UniqueIdentifier>{e8f305b7-6656-458d-9139-bde10efdfd97}</UniqueIdentifier>
    </Filter>
    <Filter Include="modules\filesystem\headers">
      <UniqueIdentifier>{c4c4a9b3-8c10-4035-bc7d-13264fc52885}</UniqueIdentifier>
    </Filter>
    <Filter Include="modules\physics">
      <UniqueIdentifier>{72ee5b92-6a44-4cc9-a41d-499b8b89bcfd}</UniqueIdentifier>
    </Filter>
    <Filter Include="modules\audio\wrappers">
      <UniqueIdentifier>{60d45574-0fbf-4c1d-a4a4-fb4271c9b209}</UniqueIdentifier>
    </Filter>
    <Filter Include="modules\audio\wrappers\headers">
      <UniqueIdentifier>{fc8433ac-91b4-40c4-ad35-94d423146885}</UniqueIdentifier>
    </Filter>
    <Filter Include="modules\events\wrappers">
      <UniqueIdentifier>{98d8c794-c969-4019-b18c-ffb94ccf035f}</UniqueIdentifier>
    </Filter>
    <Filter Include="modules\events\wrappers\headers">
      <UniqueIdentifier>{cdc31dc7-2f6f-4a1b-82cf-bd273fe6dd61}</UniqueIdentifier>
    </Filter>
    <Filter Include="modules\input\wrappers">
      <UniqueIdentifier>{9b68abfe-2986-4b8d-87ff-2810daa6df86}</UniqueIdentifier>
    </Filter>
    <Filter Include="modules\input\wrappers\headers">
      <UniqueIdentifier>{0d692b15-2510-4f2d-893c-cadcacc55da3}</UniqueIdentifier>
    </Filter>
    <Filter Include="modules\graphics\wrappers">
      <UniqueIdentifier>{4e374f3b-a93c-49fd-a17f-5fb6d0e71364}</UniqueIdentifier>
    </Filter>
    <Filter Include="modules\graphics\wrappers\headers">
      <UniqueIdentifier>{892dfe94-4bcd-4ee3-b868-9deac3891b92}</UniqueIdentifier>
    </Filter>
    <Filter Include="modules\filesystem\wrappers">
      <UniqueIdentifier>{b5d1ffbd-4352-4dfe-a5f3-9018f5f13c5b}</UniqueIdentifier>
    </Filter>
    <Filter Include="modules\filesystem\wrappers\headers">
      <UniqueIdentifier>{6abb159f-af50-4283-86f4-9b0a2f207734}</UniqueIdentifier>
    </Filter>
    <Filter Include="modules\input\headers">
      <UniqueIdentifier>{a96aa3b6-2582-4cfc-b40f-281c5cfafe2d}</UniqueIdentifier>
    </Filter>
    <Filter Include="modules\logic">
      <UniqueIdentifier>{c67ebd8f-1b77-472a-a3ed-24bb457a5242}</UniqueIdentifier>
    </Filter>
    <Filter Include="modules\logic\headers">
      <UniqueIdentifier>{f7b099a1-5d99-4001-9307-9a69728ac84a}</UniqueIdentifier>
    </Filter>
    <Filter Include="modules\network\headers">
      <UniqueIdentifier>{ef6a46d5-be68-4565-8257-96cef9a052a7}</UniqueIdentifier>
    </Filter>
    <Filter Include="modules\network\wrappers">
      <UniqueIdentifier>{3a521115-d227-4e4b-bc99-52e0e9b72a2e}</UniqueIdentifier>
    </Filter>
    <Filter Include="modules\network\wrappers\headers">
      <UniqueIdentifier>{a209ab40-9378-4fd6-b934-9332c50be254}</UniqueIdentifier>
    </Filter>
    <Filter Include="app\ruby_exts">
      <UniqueIdentifier>{73839496-6370-447d-ac0a-931ef2c52ce3}</UniqueIdentifier>
    </Filter>
    <Filter Include="app\ruby_exts\dl">
      <UniqueIdentifier>{7b2b0876-d085-4755-b413-1dca81896c9b}</UniqueIdentifier>
    </Filter>
    <Filter Include="app\ruby_exts\zlib">
      <UniqueIdentifier>{6e144183-445a-478c-b0c8-95ffe1fb4052}</UniqueIdentifier>
    </Filter>
    <Filter Include="app\ruby_exts\thread">
      <UniqueIdentifier>{bd6ccf9e-9050-48b5-8533-7103316b0003}</UniqueIdentifier>
    </Filter>
    <Filter Include="app\compilation_headers">
      <UniqueIdentifier>{d691b166-b396-4ce0-9668-23aeeb7f8618}</UniqueIdentifier>
    </Filter>
    <Filter Include="app\ruby_exts\stringio">
      <UniqueIdentifier>{4d867e34-e697-453a-afd7-04ac81433c03}</UniqueIdentifier>
    </Filter>
    <Filter Include="app\ruby_exts\strscan">
      <UniqueIdentifier>{0985d4cd-e1e0-4286-a54e-bc466d0d69da}</UniqueIdentifier>
    </Filter>
    <Filter Include="app\ruby_exts\pathname">
      <UniqueIdentifier>{2691d422-5829-4cfc-b4a3-8c3e9b884783}</UniqueIdentifier>
    </Filter>
    <Filter Include="app\ruby_exts\date">
      <UniqueIdentifier>{497b41a0-87ad-4170-b860-f85f693aba75}</UniqueIdentifier>
    </Filter>
    <Filter Include="app\ruby_exts\digest">
      <UniqueIdentifier>{51bd10cd-dd5d-46fd-a5e2-0947b296209e}</UniqueIdentifier>
    </Filter>
    <Filter Include="modules\physics\wrappers">
      <UniqueIdentifier>{05929e4e-5d22-45cc-83aa-13678607276f}</UniqueIdentifier>
    </Filter>
    <Filter Include="modules\physics\wrappers\headers">
      <UniqueIdentifier>{0d89d4c3-2ed8-487e-8877-1754a1feb6e8}</UniqueIdentifier>
    </Filter>
    <Filter Include="modules\physics\Box2D">
      <UniqueIdentifier>{b6bb07ee-7f5f-4f64-bfb1-49107779a792}</UniqueIdentifier>
    </Filter>
    <Filter Include="modules\physics\Box2D\Collision">
      <UniqueIdentifier>{e3eff7a0-7b03-4b77-a097-54f75dfdcb60}</UniqueIdentifier>
    </Filter>
    <Filter Include="modules\physics\Box2D\Collision\Shapes">
      <UniqueIdentifier>{9654f3c1-9dec-402d-9e3a-87da1b895e52}</UniqueIdentifier>
    </Filter>
    <Filter Include="modules\physics\Box2D\Common">
      <UniqueIdentifier>{a524fc46-0014-4691-9575-a775da449288}</UniqueIdentifier>
    </Filter>
    <Filter Include="modules\physics\Box2D\Dynamics">
      <UniqueIdentifier>{1714d9a8-ac26-45bc-8fac-aaa055e5cfe5}</UniqueIdentifier>
    </Filter>
    <Filter Include="modules\physics\Box2D\Dynamics\Contacts">
      <UniqueIdentifier>{0585a41f-dcbc-40b4-ae9d-9eb90825f920}</UniqueIdentifier>
    </Filter>
    <Filter Include="modules\physics\Box2D\Dynamics\Joints">
      <UniqueIdentifier>{b80d6250-c4c7-4aa1-ae76-ad795d7c0cd4}</UniqueIdentifier>
    </Filter>
    <Filter Include="modules\physics\Box2D\Rope">
      <UniqueIdentifier>{0fb592ca-ed0c-4a18-89d9-1219fae4f95f}</UniqueIdentifier>
    </Filter>
    <Filter Include="modules\physics\Box2D\headers">
      <UniqueIdentifier>{0a83c753-b3ef-46ee-85d8-6b8d4329e146}</UniqueIdentifier>
    </Filter>
    <Filter Include="modules\physics\headers">
      <UniqueIdentifier>{a78720a0-8fce-4b01-b638-f433d41bf644}</UniqueIdentifier>
    </Filter>
  </ItemGroup>
  <ItemGroup>
    <ClCompile Include="Main.cpp">
      <Filter>app</Filter>
    </ClCompile>
    <ClCompile Include="Bitmap.cpp">
      <Filter>modules\graphics</Filter>
    </ClCompile>
    <ClCompile Include="TimerEvent.cpp">
      <Filter>modules\events</Filter>
    </ClCompile>
    <ClCompile Include="KeyboardEvent.cpp">
      <Filter>modules\events</Filter>
    </ClCompile>
    <ClCompile Include="Audio_Wrapper.cpp">
      <Filter>modules\audio\wrappers</Filter>
    </ClCompile>
    <ClCompile Include="Event_Wrapper.cpp">
      <Filter>modules\events\wrappers</Filter>
    </ClCompile>
    <ClCompile Include="Events_Wrapper.cpp">
      <Filter>modules\events\wrappers</Filter>
    </ClCompile>
    <ClCompile Include="KeyboardEvent_Wrapper.cpp">
      <Filter>modules\events\wrappers</Filter>
    </ClCompile>
    <ClCompile Include="TimerEvent_Wrapper.cpp">
      <Filter>modules\events\wrappers</Filter>
    </ClCompile>
    <ClCompile Include="Input_Wrappers.cpp">
      <Filter>modules\input\wrappers</Filter>
    </ClCompile>
    <ClCompile Include="Bitmap_Wrapper.cpp">
      <Filter>modules\graphics\wrappers</Filter>
    </ClCompile>
    <ClCompile Include="Graphics_Wrappers.cpp">
      <Filter>modules\graphics\wrappers</Filter>
    </ClCompile>
    <ClCompile Include="MouseEvent.cpp">
      <Filter>modules\events</Filter>
    </ClCompile>
    <ClCompile Include="MouseEvent_Wrapper.cpp">
      <Filter>modules\events\wrappers</Filter>
    </ClCompile>
    <ClCompile Include="ScreenEvent.cpp">
      <Filter>modules\events</Filter>
    </ClCompile>
    <ClCompile Include="ScreenEvent_Wrapper.cpp">
      <Filter>modules\events\wrappers</Filter>
    </ClCompile>
    <ClCompile Include="Music.cpp">
      <Filter>modules\audio</Filter>
    </ClCompile>
    <ClCompile Include="Sfx.cpp">
      <Filter>modules\audio</Filter>
    </ClCompile>
    <ClCompile Include="Music_Wrapper.cpp">
      <Filter>modules\audio\wrappers</Filter>
    </ClCompile>
    <ClCompile Include="Sfx_Wrapper.cpp">
      <Filter>modules\audio\wrappers</Filter>
    </ClCompile>
    <ClCompile Include="Draw_Wrappers.cpp">
      <Filter>modules\graphics\wrappers</Filter>
    </ClCompile>
    <ClCompile Include="IniFile.cpp">
      <Filter>modules\filesystem</Filter>
    </ClCompile>
    <ClCompile Include="IniFile_Wrapper.cpp">
      <Filter>modules\filesystem\wrappers</Filter>
    </ClCompile>
    <ClCompile Include="Color.cpp">
      <Filter>modules\graphics</Filter>
    </ClCompile>
    <ClCompile Include="Font.cpp">
      <Filter>modules\graphics</Filter>
    </ClCompile>
    <ClCompile Include="Color_Wrapper.cpp">
      <Filter>modules\graphics\wrappers</Filter>
    </ClCompile>
    <ClCompile Include="Font_Wrapper.cpp">
      <Filter>modules\graphics\wrappers</Filter>
    </ClCompile>
    <ClCompile Include="FS_Wrappers.cpp">
      <Filter>modules\filesystem\wrappers</Filter>
    </ClCompile>
    <ClCompile Include="Shader.cpp">
      <Filter>modules\graphics</Filter>
    </ClCompile>
    <ClCompile Include="Shader_Wrapper.cpp">
      <Filter>modules\graphics\wrappers</Filter>
    </ClCompile>
    <ClCompile Include="RubyInterpreter.cpp">
      <Filter>app</Filter>
    </ClCompile>
    <ClCompile Include="JoyEvent.cpp">
      <Filter>modules\events</Filter>
    </ClCompile>
    <ClCompile Include="Joystick.cpp">
      <Filter>modules\input</Filter>
    </ClCompile>
    <ClCompile Include="Joystick_Wrapper.cpp">
      <Filter>modules\input\wrappers</Filter>
    </ClCompile>
    <ClCompile Include="JoyEvent_Wrapper.cpp">
      <Filter>modules\events\wrappers</Filter>
    </ClCompile>
    <ClCompile Include="VertexArray.cpp">
      <Filter>modules\graphics</Filter>
    </ClCompile>
    <ClCompile Include="VertexArray_Wrapper.cpp">
      <Filter>modules\graphics\wrappers</Filter>
    </ClCompile>
    <ClCompile Include="ParticleEngine.cpp">
      <Filter>modules\graphics</Filter>
    </ClCompile>
    <ClCompile Include="ParticleEngine_Wrapper.cpp">
      <Filter>modules\graphics\wrappers</Filter>
    </ClCompile>
    <ClCompile Include="Logic_Wrappers.cpp">
      <Filter>modules\logic</Filter>
    </ClCompile>
    <ClCompile Include="RAGEConfiguration.cpp">
      <Filter>app</Filter>
    </ClCompile>
    <ClCompile Include="File.cpp">
      <Filter>modules\filesystem</Filter>
    </ClCompile>
    <ClCompile Include="File_Wrapper.cpp">
      <Filter>modules\filesystem\wrappers</Filter>
    </ClCompile>
    <ClCompile Include="MemFile.cpp">
      <Filter>modules\filesystem</Filter>
    </ClCompile>
    <ClCompile Include="MemFile_Wrapper.cpp">
      <Filter>modules\filesystem\wrappers</Filter>
    </ClCompile>
    <ClCompile Include="BaseFile_Wrapper.cpp">
      <Filter>modules\filesystem\wrappers</Filter>
    </ClCompile>
    <ClCompile Include="Network_Wrappers.cpp">
      <Filter>modules\network\wrappers</Filter>
    </ClCompile>
    <ClCompile Include="TCPServer.cpp">
      <Filter>modules\network</Filter>
    </ClCompile>
    <ClCompile Include="TCPServer_Wrapper.cpp">
      <Filter>modules\network\wrappers</Filter>
    </ClCompile>
    <ClCompile Include="TCPClient.cpp">
      <Filter>modules\network</Filter>
    </ClCompile>
    <ClCompile Include="TCPClient_Wrapper.cpp">
      <Filter>modules\network\wrappers</Filter>
    </ClCompile>
    <ClCompile Include="UDPSocket.cpp">
      <Filter>modules\network</Filter>
    </ClCompile>
    <ClCompile Include="UDPSocket_Wrapper.cpp">
      <Filter>modules\network\wrappers</Filter>
    </ClCompile>
    <ClCompile Include="DebugDraw.cpp">
      <Filter>modules\physics</Filter>
    </ClCompile>
    <ClCompile Include="..\..\..\..\deps\ruby210\ext\dl\callback.c">
      <Filter>app\ruby_exts\dl</Filter>
    </ClCompile>
    <ClCompile Include="..\..\..\..\deps\ruby210\ext\dl\callback-0.c">
      <Filter>app\ruby_exts\dl</Filter>
    </ClCompile>
    <ClCompile Include="..\..\..\..\deps\ruby210\ext\dl\callback-1.c">
      <Filter>app\ruby_exts\dl</Filter>
    </ClCompile>
    <ClCompile Include="..\..\..\..\deps\ruby210\ext\dl\callback-2.c">
      <Filter>app\ruby_exts\dl</Filter>
    </ClCompile>
    <ClCompile Include="..\..\..\..\deps\ruby210\ext\dl\callback-3.c">
      <Filter>app\ruby_exts\dl</Filter>
    </ClCompile>
    <ClCompile Include="..\..\..\..\deps\ruby210\ext\dl\callback-4.c">
      <Filter>app\ruby_exts\dl</Filter>
    </ClCompile>
    <ClCompile Include="..\..\..\..\deps\ruby210\ext\dl\callback-5.c">
      <Filter>app\ruby_exts\dl</Filter>
    </ClCompile>
    <ClCompile Include="..\..\..\..\deps\ruby210\ext\dl\callback-6.c">
      <Filter>app\ruby_exts\dl</Filter>
    </ClCompile>
    <ClCompile Include="..\..\..\..\deps\ruby210\ext\dl\callback-7.c">
      <Filter>app\ruby_exts\dl</Filter>
    </ClCompile>
    <ClCompile Include="..\..\..\..\deps\ruby210\ext\dl\callback-8.c">
      <Filter>app\ruby_exts\dl</Filter>
    </ClCompile>
    <ClCompile Include="..\..\..\..\deps\ruby210\ext\dl\cfunc.c">
      <Filter>app\ruby_exts\dl</Filter>
    </ClCompile>
    <ClCompile Include="..\..\..\..\deps\ruby210\ext\dl\cptr.c">
      <Filter>app\ruby_exts\dl</Filter>
    </ClCompile>
    <ClCompile Include="..\..\..\..\deps\ruby210\ext\dl\dl.c">
      <Filter>app\ruby_exts\dl</Filter>
    </ClCompile>
    <ClCompile Include="..\..\..\..\deps\ruby210\ext\dl\handle.c">
      <Filter>app\ruby_exts\dl</Filter>
    </ClCompile>
    <ClCompile Include="..\..\..\..\deps\ruby210\ext\zlib\zlib.c">
      <Filter>app\ruby_exts\zlib</Filter>
    </ClCompile>
    <ClCompile Include="..\..\..\..\deps\ruby210\ext\thread\thread.c">
      <Filter>app\ruby_exts\thread</Filter>
    </ClCompile>
    <ClCompile Include="..\..\..\..\deps\ruby210\ext\stringio\stringio.c">
      <Filter>app\ruby_exts\stringio</Filter>
    </ClCompile>
    <ClCompile Include="..\..\..\..\deps\ruby210\ext\strscan\strscan.c">
      <Filter>app\ruby_exts\strscan</Filter>
    </ClCompile>
    <ClCompile Include="..\..\..\..\deps\ruby210\ext\pathname\pathname.c">
      <Filter>app\ruby_exts\pathname</Filter>
    </ClCompile>
    <ClCompile Include="..\..\..\..\deps\ruby210\ext\date\date_core.c">
      <Filter>app\ruby_exts\date</Filter>
    </ClCompile>
    <ClCompile Include="..\..\..\..\deps\ruby210\ext\date\date_parse.c">
      <Filter>app\ruby_exts\date</Filter>
    </ClCompile>
    <ClCompile Include="..\..\..\..\deps\ruby210\ext\date\date_strftime.c">
      <Filter>app\ruby_exts\date</Filter>
    </ClCompile>
    <ClCompile Include="..\..\..\..\deps\ruby210\ext\date\date_strptime.c">
      <Filter>app\ruby_exts\date</Filter>
    </ClCompile>
    <ClCompile Include="..\..\..\..\deps\ruby210\ext\digest\bubblebabble.c">
      <Filter>app\ruby_exts\digest</Filter>
    </ClCompile>
    <ClCompile Include="..\..\..\..\deps\ruby210\ext\digest\digest.c">
      <Filter>app\ruby_exts\digest</Filter>
    </ClCompile>
    <ClCompile Include="..\..\..\..\deps\ruby210\ext\digest\md5.c">
      <Filter>app\ruby_exts\digest</Filter>
    </ClCompile>
    <ClCompile Include="..\..\..\..\deps\ruby210\ext\digest\md5init.c">
      <Filter>app\ruby_exts\digest</Filter>
    </ClCompile>
    <ClCompile Include="..\..\..\..\deps\ruby210\ext\digest\rmd160.c">
      <Filter>app\ruby_exts\digest</Filter>
    </ClCompile>
    <ClCompile Include="..\..\..\..\deps\ruby210\ext\digest\rmd160init.c">
      <Filter>app\ruby_exts\digest</Filter>
    </ClCompile>
    <ClCompile Include="..\..\..\..\deps\ruby210\ext\digest\sha1.c">
      <Filter>app\ruby_exts\digest</Filter>
    </ClCompile>
    <ClCompile Include="..\..\..\..\deps\ruby210\ext\digest\sha1init.c">
      <Filter>app\ruby_exts\digest</Filter>
    </ClCompile>
    <ClCompile Include="..\..\..\..\deps\ruby210\ext\digest\sha2.c">
      <Filter>app\ruby_exts\digest</Filter>
    </ClCompile>
    <ClCompile Include="..\..\..\..\deps\ruby210\ext\digest\sha2init.c">
      <Filter>app\ruby_exts\digest</Filter>
    </ClCompile>
    <ClCompile Include="box2d-mod\Collision\b2BroadPhase.cpp">
      <Filter>modules\physics\Box2D\Collision</Filter>
    </ClCompile>
    <ClCompile Include="box2d-mod\Collision\b2CollideCircle.cpp">
      <Filter>modules\physics\Box2D\Collision</Filter>
    </ClCompile>
    <ClCompile Include="box2d-mod\Collision\b2CollideEdge.cpp">
      <Filter>modules\physics\Box2D\Collision</Filter>
    </ClCompile>
    <ClCompile Include="box2d-mod\Collision\b2CollidePolygon.cpp">
      <Filter>modules\physics\Box2D\Collision</Filter>
    </ClCompile>
    <ClCompile Include="box2d-mod\Collision\b2Collision.cpp">
      <Filter>modules\physics\Box2D\Collision</Filter>
    </ClCompile>
    <ClCompile Include="box2d-mod\Collision\b2Distance.cpp">
      <Filter>modules\physics\Box2D\Collision</Filter>
    </ClCompile>
    <ClCompile Include="box2d-mod\Collision\b2DynamicTree.cpp">
      <Filter>modules\physics\Box2D\Collision</Filter>
    </ClCompile>
    <ClCompile Include="box2d-mod\Collision\b2TimeOfImpact.cpp">
      <Filter>modules\physics\Box2D\Collision</Filter>
    </ClCompile>
    <ClCompile Include="box2d-mod\Collision\Shapes\b2ChainShape.cpp">
      <Filter>modules\physics\Box2D\Collision\Shapes</Filter>
    </ClCompile>
    <ClCompile Include="box2d-mod\Collision\Shapes\b2CircleShape.cpp">
      <Filter>modules\physics\Box2D\Collision\Shapes</Filter>
    </ClCompile>
    <ClCompile Include="box2d-mod\Collision\Shapes\b2EdgeShape.cpp">
      <Filter>modules\physics\Box2D\Collision\Shapes</Filter>
    </ClCompile>
    <ClCompile Include="box2d-mod\Collision\Shapes\b2PolygonShape.cpp">
      <Filter>modules\physics\Box2D\Collision\Shapes</Filter>
    </ClCompile>
    <ClCompile Include="box2d-mod\Common\b2BlockAllocator.cpp">
      <Filter>modules\physics\Box2D\Common</Filter>
    </ClCompile>
    <ClCompile Include="box2d-mod\Common\b2Draw.cpp">
      <Filter>modules\physics\Box2D\Common</Filter>
    </ClCompile>
    <ClCompile Include="box2d-mod\Common\b2Math.cpp">
      <Filter>modules\physics\Box2D\Common</Filter>
    </ClCompile>
    <ClCompile Include="box2d-mod\Common\b2Settings.cpp">
      <Filter>modules\physics\Box2D\Common</Filter>
    </ClCompile>
    <ClCompile Include="box2d-mod\Common\b2StackAllocator.cpp">
      <Filter>modules\physics\Box2D\Common</Filter>
    </ClCompile>
    <ClCompile Include="box2d-mod\Common\b2Timer.cpp">
      <Filter>modules\physics\Box2D\Common</Filter>
    </ClCompile>
    <ClCompile Include="box2d-mod\Dynamics\b2Body.cpp">
      <Filter>modules\physics\Box2D\Dynamics</Filter>
    </ClCompile>
    <ClCompile Include="box2d-mod\Dynamics\b2ContactManager.cpp">
      <Filter>modules\physics\Box2D\Dynamics</Filter>
    </ClCompile>
    <ClCompile Include="box2d-mod\Dynamics\b2Fixture.cpp">
      <Filter>modules\physics\Box2D\Dynamics</Filter>
    </ClCompile>
    <ClCompile Include="box2d-mod\Dynamics\b2Island.cpp">
      <Filter>modules\physics\Box2D\Dynamics</Filter>
    </ClCompile>
    <ClCompile Include="box2d-mod\Dynamics\b2World.cpp">
      <Filter>modules\physics\Box2D\Dynamics</Filter>
    </ClCompile>
    <ClCompile Include="box2d-mod\Dynamics\b2WorldCallbacks.cpp">
      <Filter>modules\physics\Box2D\Dynamics</Filter>
    </ClCompile>
    <ClCompile Include="box2d-mod\Dynamics\Contacts\b2ChainAndCircleContact.cpp">
      <Filter>modules\physics\Box2D\Dynamics\Contacts</Filter>
    </ClCompile>
    <ClCompile Include="box2d-mod\Dynamics\Contacts\b2ChainAndPolygonContact.cpp">
      <Filter>modules\physics\Box2D\Dynamics\Contacts</Filter>
    </ClCompile>
    <ClCompile Include="box2d-mod\Dynamics\Contacts\b2CircleContact.cpp">
      <Filter>modules\physics\Box2D\Dynamics\Contacts</Filter>
    </ClCompile>
    <ClCompile Include="box2d-mod\Dynamics\Contacts\b2Contact.cpp">
      <Filter>modules\physics\Box2D\Dynamics\Contacts</Filter>
    </ClCompile>
    <ClCompile Include="box2d-mod\Dynamics\Contacts\b2ContactSolver.cpp">
      <Filter>modules\physics\Box2D\Dynamics\Contacts</Filter>
    </ClCompile>
    <ClCompile Include="box2d-mod\Dynamics\Contacts\b2EdgeAndCircleContact.cpp">
      <Filter>modules\physics\Box2D\Dynamics\Contacts</Filter>
    </ClCompile>
    <ClCompile Include="box2d-mod\Dynamics\Contacts\b2EdgeAndPolygonContact.cpp">
      <Filter>modules\physics\Box2D\Dynamics\Contacts</Filter>
    </ClCompile>
    <ClCompile Include="box2d-mod\Dynamics\Contacts\b2PolygonAndCircleContact.cpp">
      <Filter>modules\physics\Box2D\Dynamics\Contacts</Filter>
    </ClCompile>
    <ClCompile Include="box2d-mod\Dynamics\Contacts\b2PolygonContact.cpp">
      <Filter>modules\physics\Box2D\Dynamics\Contacts</Filter>
    </ClCompile>
    <ClCompile Include="box2d-mod\Dynamics\Joints\b2DistanceJoint.cpp">
      <Filter>modules\physics\Box2D\Dynamics\Joints</Filter>
    </ClCompile>
    <ClCompile Include="box2d-mod\Dynamics\Joints\b2FrictionJoint.cpp">
      <Filter>modules\physics\Box2D\Dynamics\Joints</Filter>
    </ClCompile>
    <ClCompile Include="box2d-mod\Dynamics\Joints\b2GearJoint.cpp">
      <Filter>modules\physics\Box2D\Dynamics\Joints</Filter>
    </ClCompile>
    <ClCompile Include="box2d-mod\Dynamics\Joints\b2Joint.cpp">
      <Filter>modules\physics\Box2D\Dynamics\Joints</Filter>
    </ClCompile>
    <ClCompile Include="box2d-mod\Dynamics\Joints\b2MotorJoint.cpp">
      <Filter>modules\physics\Box2D\Dynamics\Joints</Filter>
    </ClCompile>
    <ClCompile Include="box2d-mod\Dynamics\Joints\b2MouseJoint.cpp">
      <Filter>modules\physics\Box2D\Dynamics\Joints</Filter>
    </ClCompile>
    <ClCompile Include="box2d-mod\Dynamics\Joints\b2PrismaticJoint.cpp">
      <Filter>modules\physics\Box2D\Dynamics\Joints</Filter>
    </ClCompile>
    <ClCompile Include="box2d-mod\Dynamics\Joints\b2PulleyJoint.cpp">
      <Filter>modules\physics\Box2D\Dynamics\Joints</Filter>
    </ClCompile>
    <ClCompile Include="box2d-mod\Dynamics\Joints\b2RevoluteJoint.cpp">
      <Filter>modules\physics\Box2D\Dynamics\Joints</Filter>
    </ClCompile>
    <ClCompile Include="box2d-mod\Dynamics\Joints\b2RopeJoint.cpp">
      <Filter>modules\physics\Box2D\Dynamics\Joints</Filter>
    </ClCompile>
    <ClCompile Include="box2d-mod\Dynamics\Joints\b2WeldJoint.cpp">
      <Filter>modules\physics\Box2D\Dynamics\Joints</Filter>
    </ClCompile>
    <ClCompile Include="box2d-mod\Dynamics\Joints\b2WheelJoint.cpp">
      <Filter>modules\physics\Box2D\Dynamics\Joints</Filter>
    </ClCompile>
    <ClCompile Include="box2d-mod\Rope\b2Rope.cpp">
      <Filter>modules\physics\Box2D\Rope</Filter>
    </ClCompile>
    <ClCompile Include="World.cpp">
      <Filter>modules\physics</Filter>
    </ClCompile>
    <ClCompile Include="Vector2.cpp">
      <Filter>modules\physics</Filter>
    </ClCompile>
  </ItemGroup>
  <ItemGroup>
    <ClInclude Include="RubyInterpreter.h">
      <Filter>app\headers</Filter>
    </ClInclude>
    <ClInclude Include="Bitmap.h">
      <Filter>modules\graphics\headers</Filter>
    </ClInclude>
    <ClInclude Include="Audio.h">
      <Filter>modules\audio\headers</Filter>
    </ClInclude>
    <ClInclude Include="Input_Wrappers.h">
      <Filter>modules\input\wrappers\headers</Filter>
    </ClInclude>
    <ClInclude Include="TimerEvent.h">
      <Filter>modules\events\headers</Filter>
    </ClInclude>
    <ClInclude Include="KeyboardEvent.h">
      <Filter>modules\events\headers</Filter>
    </ClInclude>
    <ClInclude Include="Audio_Wrapper.h">
      <Filter>modules\audio\wrappers\headers</Filter>
    </ClInclude>
    <ClInclude Include="Events_Wrapper.h">
      <Filter>modules\events\wrappers\headers</Filter>
    </ClInclude>
    <ClInclude Include="Event_Wrapper.h">
      <Filter>modules\events\wrappers\headers</Filter>
    </ClInclude>
    <ClInclude Include="TimerEvent_Wrapper.h">
      <Filter>modules\events\wrappers\headers</Filter>
    </ClInclude>
    <ClInclude Include="Graphics_Wrappers.h">
      <Filter>modules\graphics\wrappers\headers</Filter>
    </ClInclude>
    <ClInclude Include="Bitmap_Wrapper.h">
      <Filter>modules\graphics\wrappers\headers</Filter>
    </ClInclude>
    <ClInclude Include="KeyboardEvent_Wrapper.h">
      <Filter>modules\events\wrappers\headers</Filter>
    </ClInclude>
    <ClInclude Include="MouseEvent.h">
      <Filter>modules\events\headers</Filter>
    </ClInclude>
    <ClInclude Include="MouseEvent_Wrapper.h">
      <Filter>modules\events\wrappers\headers</Filter>
    </ClInclude>
    <ClInclude Include="BaseEvent.h">
      <Filter>modules\events\headers</Filter>
    </ClInclude>
    <ClInclude Include="ScreenEvent.h">
      <Filter>modules\events\headers</Filter>
    </ClInclude>
    <ClInclude Include="ScreenEvent_Wrapper.h">
      <Filter>modules\events\wrappers\headers</Filter>
    </ClInclude>
    <ClInclude Include="Music.h">
      <Filter>modules\audio\headers</Filter>
    </ClInclude>
    <ClInclude Include="Sfx.h">
      <Filter>modules\audio\headers</Filter>
    </ClInclude>
    <ClInclude Include="Music_Wrapper.h">
      <Filter>modules\audio\wrappers\headers</Filter>
    </ClInclude>
    <ClInclude Include="Sfx_Wrapper.h">
      <Filter>modules\audio\wrappers\headers</Filter>
    </ClInclude>
    <ClInclude Include="Draw_Wrappers.h">
      <Filter>modules\graphics\wrappers\headers</Filter>
    </ClInclude>
    <ClInclude Include="IniFile.h">
      <Filter>modules\filesystem\headers</Filter>
    </ClInclude>
    <ClInclude Include="IniFile_Wrapper.h">
      <Filter>modules\filesystem\wrappers\headers</Filter>
    </ClInclude>
    <ClInclude Include="Color.h">
      <Filter>modules\graphics\headers</Filter>
    </ClInclude>
    <ClInclude Include="Color_Wrapper.h">
      <Filter>modules\graphics\wrappers\headers</Filter>
    </ClInclude>
    <ClInclude Include="Font_Wrapper.h">
      <Filter>modules\graphics\wrappers\headers</Filter>
    </ClInclude>
    <ClInclude Include="Font.h">
      <Filter>modules\graphics\headers</Filter>
    </ClInclude>
    <ClInclude Include="FS_Wrappers.h">
      <Filter>modules\filesystem\wrappers\headers</Filter>
    </ClInclude>
    <ClInclude Include="Shader.h">
      <Filter>modules\graphics\headers</Filter>
    </ClInclude>
    <ClInclude Include="Shader_Wrapper.h">
      <Filter>modules\graphics\wrappers\headers</Filter>
    </ClInclude>
    <ClInclude Include="JoyEvent.h">
      <Filter>modules\events\headers</Filter>
    </ClInclude>
    <ClInclude Include="Joystick.h">
      <Filter>modules\input\headers</Filter>
    </ClInclude>
    <ClInclude Include="Joystick_Wrapper.h">
      <Filter>modules\input\wrappers\headers</Filter>
    </ClInclude>
    <ClInclude Include="JoyEvent_Wrapper.h">
      <Filter>modules\events\wrappers\headers</Filter>
    </ClInclude>
    <ClInclude Include="VertexArray.h">
      <Filter>modules\graphics\headers</Filter>
    </ClInclude>
    <ClInclude Include="VertexArray_Wrapper.h">
      <Filter>modules\graphics\wrappers\headers</Filter>
    </ClInclude>
    <ClInclude Include="ParticleEngine.h">
      <Filter>modules\graphics\headers</Filter>
    </ClInclude>
    <ClInclude Include="ParticleEngine_Wrapper.h">
      <Filter>modules\graphics\wrappers\headers</Filter>
    </ClInclude>
    <ClInclude Include="Logic_Wrappers.h">
      <Filter>modules\logic\headers</Filter>
    </ClInclude>
    <ClInclude Include="RAGEConfiguration.h">
      <Filter>app\headers</Filter>
    </ClInclude>
    <ClInclude Include="File.h">
      <Filter>modules\filesystem\headers</Filter>
    </ClInclude>
    <ClInclude Include="File_Wrapper.h">
      <Filter>modules\filesystem\wrappers\headers</Filter>
    </ClInclude>
    <ClInclude Include="MemFile.h">
      <Filter>modules\filesystem\headers</Filter>
    </ClInclude>
    <ClInclude Include="MemFile_Wrapper.h">
      <Filter>modules\filesystem\wrappers\headers</Filter>
    </ClInclude>
    <ClInclude Include="BaseFile.h">
      <Filter>modules\filesystem\headers</Filter>
    </ClInclude>
    <ClInclude Include="BaseFile_Wrapper.h">
      <Filter>modules\filesystem\wrappers\headers</Filter>
    </ClInclude>
    <ClInclude Include="Network_Wrappers.h">
      <Filter>modules\network\wrappers\headers</Filter>
    </ClInclude>
    <ClInclude Include="TCPServer.h">
      <Filter>modules\network\headers</Filter>
    </ClInclude>
    <ClInclude Include="TCPServer_Wrapper.h">
      <Filter>modules\network\wrappers\headers</Filter>
    </ClInclude>
    <ClInclude Include="TCPClient.h">
      <Filter>modules\network\headers</Filter>
    </ClInclude>
    <ClInclude Include="TCPClient_Wrapper.h">
      <Filter>modules\network\wrappers\headers</Filter>
    </ClInclude>
    <ClInclude Include="UDPSocket_Wrapper.h">
      <Filter>modules\network\wrappers\headers</Filter>
    </ClInclude>
    <ClInclude Include="UDPSocket.h">
      <Filter>modules\network\headers</Filter>
    </ClInclude>
    <ClInclude Include="DebugDraw.h">
      <Filter>modules\physics\Box2D\headers</Filter>
    </ClInclude>
    <ClInclude Include="..\..\..\..\deps\ruby210\ext\dl\dl.h">
      <Filter>app\ruby_exts\dl</Filter>
    </ClInclude>
    <ClInclude Include="..\..\..\..\deps\ruby210\ext\dl\dl_ruby.h">
      <Filter>app\ruby_exts\dl</Filter>
    </ClInclude>
    <ClInclude Include="rage_standard_headers.h">
      <Filter>app\compilation_headers</Filter>
    </ClInclude>
    <ClInclude Include="defines.h">
      <Filter>app\compilation_headers</Filter>
    </ClInclude>
    <ClInclude Include="rage_config.h">
      <Filter>app\compilation_headers</Filter>
    </ClInclude>
    <ClInclude Include="rage_errors.h">
      <Filter>app\compilation_headers</Filter>
    </ClInclude>
    <ClInclude Include="..\..\..\..\deps\ruby210\ext\strscan\regint.h">
      <Filter>app\ruby_exts\strscan</Filter>
    </ClInclude>
    <ClInclude Include="..\..\..\..\deps\ruby210\ext\strscan\regenc.h">
      <Filter>app\ruby_exts\strscan</Filter>
    </ClInclude>
    <ClInclude Include="..\..\..\..\deps\ruby210\ext\pathname\pathname_ruby.h">
      <Filter>app\ruby_exts\pathname</Filter>
    </ClInclude>
    <ClInclude Include="..\..\..\..\deps\ruby210\ext\date\date_ruby.h">
      <Filter>app\ruby_exts\date</Filter>
    </ClInclude>
    <ClInclude Include="..\..\..\..\deps\ruby210\ext\date\date_tmx.h">
      <Filter>app\ruby_exts\date</Filter>
    </ClInclude>
    <ClInclude Include="..\..\..\..\deps\ruby210\ext\digest\defs.h">
      <Filter>app\ruby_exts\digest</Filter>
    </ClInclude>
    <ClInclude Include="..\..\..\..\deps\ruby210\ext\digest\digest.h">
      <Filter>app\ruby_exts\digest</Filter>
    </ClInclude>
    <ClInclude Include="..\..\..\..\deps\ruby210\ext\digest\digest_ruby.h">
      <Filter>app\ruby_exts\digest</Filter>
    </ClInclude>
    <ClInclude Include="..\..\..\..\deps\ruby210\ext\digest\md5.h">
      <Filter>app\ruby_exts\digest</Filter>
    </ClInclude>
    <ClInclude Include="..\..\..\..\deps\ruby210\ext\digest\rmd160.h">
      <Filter>app\ruby_exts\digest</Filter>
    </ClInclude>
    <ClInclude Include="..\..\..\..\deps\ruby210\ext\digest\sha1.h">
      <Filter>app\ruby_exts\digest</Filter>
    </ClInclude>
    <ClInclude Include="..\..\..\..\deps\ruby210\ext\digest\sha2.h">
      <Filter>app\ruby_exts\digest</Filter>
    </ClInclude>
    <ClInclude Include="box2d-mod\Box2D.h">
      <Filter>modules\physics\Box2D</Filter>
    </ClInclude>
    <ClInclude Include="box2d-mod\Collision\b2BroadPhase.h">
      <Filter>modules\physics\Box2D\Collision</Filter>
    </ClInclude>
    <ClInclude Include="box2d-mod\Collision\b2Collision.h">
      <Filter>modules\physics\Box2D\Collision</Filter>
    </ClInclude>
    <ClInclude Include="box2d-mod\Collision\b2Distance.h">
      <Filter>modules\physics\Box2D\Collision</Filter>
    </ClInclude>
    <ClInclude Include="box2d-mod\Collision\b2DynamicTree.h">
      <Filter>modules\physics\Box2D\Collision</Filter>
    </ClInclude>
    <ClInclude Include="box2d-mod\Collision\b2TimeOfImpact.h">
      <Filter>modules\physics\Box2D\Collision</Filter>
    </ClInclude>
    <ClInclude Include="box2d-mod\Collision\Shapes\b2ChainShape.h">
      <Filter>modules\physics\Box2D\Collision\Shapes</Filter>
    </ClInclude>
    <ClInclude Include="box2d-mod\Collision\Shapes\b2CircleShape.h">
      <Filter>modules\physics\Box2D\Collision\Shapes</Filter>
    </ClInclude>
    <ClInclude Include="box2d-mod\Collision\Shapes\b2EdgeShape.h">
      <Filter>modules\physics\Box2D\Collision\Shapes</Filter>
    </ClInclude>
    <ClInclude Include="box2d-mod\Collision\Shapes\b2PolygonShape.h">
      <Filter>modules\physics\Box2D\Collision\Shapes</Filter>
    </ClInclude>
    <ClInclude Include="box2d-mod\Collision\Shapes\b2Shape.h">
      <Filter>modules\physics\Box2D\Collision\Shapes</Filter>
    </ClInclude>
    <ClInclude Include="box2d-mod\Common\b2BlockAllocator.h">
      <Filter>modules\physics\Box2D\Common</Filter>
    </ClInclude>
    <ClInclude Include="box2d-mod\Common\b2Draw.h">
      <Filter>modules\physics\Box2D\Common</Filter>
    </ClInclude>
    <ClInclude Include="box2d-mod\Common\b2GrowableStack.h">
      <Filter>modules\physics\Box2D\Common</Filter>
    </ClInclude>
    <ClInclude Include="box2d-mod\Common\b2Math.h">
      <Filter>modules\physics\Box2D\Common</Filter>
    </ClInclude>
    <ClInclude Include="box2d-mod\Common\b2Settings.h">
      <Filter>modules\physics\Box2D\Common</Filter>
    </ClInclude>
    <ClInclude Include="box2d-mod\Common\b2StackAllocator.h">
      <Filter>modules\physics\Box2D\Common</Filter>
    </ClInclude>
    <ClInclude Include="box2d-mod\Common\b2Timer.h">
      <Filter>modules\physics\Box2D\Common</Filter>
    </ClInclude>
    <ClInclude Include="box2d-mod\Dynamics\b2Body.h">
      <Filter>modules\physics\Box2D\Dynamics</Filter>
    </ClInclude>
    <ClInclude Include="box2d-mod\Dynamics\b2ContactManager.h">
      <Filter>modules\physics\Box2D\Dynamics</Filter>
    </ClInclude>
    <ClInclude Include="box2d-mod\Dynamics\b2Fixture.h">
      <Filter>modules\physics\Box2D\Dynamics</Filter>
    </ClInclude>
    <ClInclude Include="box2d-mod\Dynamics\b2Island.h">
      <Filter>modules\physics\Box2D\Dynamics</Filter>
    </ClInclude>
    <ClInclude Include="box2d-mod\Dynamics\b2TimeStep.h">
      <Filter>modules\physics\Box2D\Dynamics</Filter>
    </ClInclude>
    <ClInclude Include="box2d-mod\Dynamics\b2World.h">
      <Filter>modules\physics\Box2D\Dynamics</Filter>
    </ClInclude>
    <ClInclude Include="box2d-mod\Dynamics\b2WorldCallbacks.h">
      <Filter>modules\physics\Box2D\Dynamics</Filter>
    </ClInclude>
    <ClInclude Include="box2d-mod\Dynamics\Contacts\b2ChainAndCircleContact.h">
      <Filter>modules\physics\Box2D\Dynamics\Contacts</Filter>
    </ClInclude>
    <ClInclude Include="box2d-mod\Dynamics\Contacts\b2ChainAndPolygonContact.h">
      <Filter>modules\physics\Box2D\Dynamics\Contacts</Filter>
    </ClInclude>
    <ClInclude Include="box2d-mod\Dynamics\Contacts\b2CircleContact.h">
      <Filter>modules\physics\Box2D\Dynamics\Contacts</Filter>
    </ClInclude>
    <ClInclude Include="box2d-mod\Dynamics\Contacts\b2Contact.h">
      <Filter>modules\physics\Box2D\Dynamics\Contacts</Filter>
    </ClInclude>
    <ClInclude Include="box2d-mod\Dynamics\Contacts\b2ContactSolver.h">
      <Filter>modules\physics\Box2D\Dynamics\Contacts</Filter>
    </ClInclude>
    <ClInclude Include="box2d-mod\Dynamics\Contacts\b2EdgeAndCircleContact.h">
      <Filter>modules\physics\Box2D\Dynamics\Contacts</Filter>
    </ClInclude>
    <ClInclude Include="box2d-mod\Dynamics\Contacts\b2EdgeAndPolygonContact.h">
      <Filter>modules\physics\Box2D\Dynamics\Contacts</Filter>
    </ClInclude>
    <ClInclude Include="box2d-mod\Dynamics\Contacts\b2PolygonAndCircleContact.h">
      <Filter>modules\physics\Box2D\Dynamics\Contacts</Filter>
    </ClInclude>
    <ClInclude Include="box2d-mod\Dynamics\Contacts\b2PolygonContact.h">
      <Filter>modules\physics\Box2D\Dynamics\Contacts</Filter>
    </ClInclude>
    <ClInclude Include="box2d-mod\Dynamics\Joints\b2DistanceJoint.h">
      <Filter>modules\physics\Box2D\Dynamics\Joints</Filter>
    </ClInclude>
    <ClInclude Include="box2d-mod\Dynamics\Joints\b2FrictionJoint.h">
      <Filter>modules\physics\Box2D\Dynamics\Joints</Filter>
    </ClInclude>
    <ClInclude Include="box2d-mod\Dynamics\Joints\b2GearJoint.h">
      <Filter>modules\physics\Box2D\Dynamics\Joints</Filter>
    </ClInclude>
    <ClInclude Include="box2d-mod\Dynamics\Joints\b2Joint.h">
      <Filter>modules\physics\Box2D\Dynamics\Joints</Filter>
    </ClInclude>
    <ClInclude Include="box2d-mod\Dynamics\Joints\b2MotorJoint.h">
      <Filter>modules\physics\Box2D\Dynamics\Joints</Filter>
    </ClInclude>
    <ClInclude Include="box2d-mod\Dynamics\Joints\b2MouseJoint.h">
      <Filter>modules\physics\Box2D\Dynamics\Joints</Filter>
    </ClInclude>
    <ClInclude Include="box2d-mod\Dynamics\Joints\b2PrismaticJoint.h">
      <Filter>modules\physics\Box2D\Dynamics\Joints</Filter>
    </ClInclude>
    <ClInclude Include="box2d-mod\Dynamics\Joints\b2PulleyJoint.h">
      <Filter>modules\physics\Box2D\Dynamics\Joints</Filter>
    </ClInclude>
    <ClInclude Include="box2d-mod\Dynamics\Joints\b2RevoluteJoint.h">
      <Filter>modules\physics\Box2D\Dynamics\Joints</Filter>
    </ClInclude>
    <ClInclude Include="box2d-mod\Dynamics\Joints\b2RopeJoint.h">
      <Filter>modules\physics\Box2D\Dynamics\Joints</Filter>
    </ClInclude>
    <ClInclude Include="box2d-mod\Dynamics\Joints\b2WeldJoint.h">
      <Filter>modules\physics\Box2D\Dynamics\Joints</Filter>
    </ClInclude>
    <ClInclude Include="box2d-mod\Dynamics\Joints\b2WheelJoint.h">
      <Filter>modules\physics\Box2D\Dynamics\Joints</Filter>
    </ClInclude>
    <ClInclude Include="box2d-mod\Rope\b2Rope.h">
      <Filter>modules\physics\Box2D\Rope</Filter>
    </ClInclude>
    <ClInclude Include="World.h">
      <Filter>modules\physics\headers</Filter>
    </ClInclude>
    <ClInclude Include="Vector2.h">
      <Filter>modules\physics\headers</Filter>
    </ClInclude>
  </ItemGroup>
  <ItemGroup>
    <None Include="Keyboard_Consts.inc">
      <Filter>modules\input</Filter>
    </None>
  </ItemGroup>
  <ItemGroup>
    <ResourceCompile Include="RAGE.rc" />
  </ItemGroup>
  <ItemGroup>
    <Image Include="rage.ico" />
  </ItemGroup>
</Project>